
Microsoft Visual Studio Solution File, Format Version 12.00
# Visual Studio Version 17
VisualStudioVersion = 17.11.35222.181
MinimumVisualStudioVersion = 10.0.40219.1
Project("{FAE04EC0-301F-11D3-BF4B-00C04F79EFBC}") = "DRRecords", "DRRecords\DRRecords.csproj", "{B7FB21E2-C298-491F-B046-0ACB72166327}"
EndProject
Project("{FAE04EC0-301F-11D3-BF4B-00C04F79EFBC}") = "DRRecordsTests", "DRRecordsTests\DRRecordsTests.csproj", "{C7A77E52-1717-4984-BBC0-1CBCB4864594}"
EndProject
Global
	GlobalSection(SolutionConfigurationPlatforms) = preSolution
		Debug|Any CPU = Debug|Any CPU
		Release|Any CPU = Release|Any CPU
	EndGlobalSection
	GlobalSection(ProjectConfigurationPlatforms) = postSolution
		{B7FB21E2-C298-491F-B046-0ACB72166327}.Debug|Any CPU.ActiveCfg = Debug|Any CPU
		{B7FB21E2-C298-491F-B046-0ACB72166327}.Debug|Any CPU.Build.0 = Debug|Any CPU
		{B7FB21E2-C298-491F-B046-0ACB72166327}.Release|Any CPU.ActiveCfg = Release|Any CPU
		{B7FB21E2-C298-491F-B046-0ACB72166327}.Release|Any CPU.Build.0 = Release|Any CPU
		{C7A77E52-1717-4984-BBC0-1CBCB4864594}.Debug|Any CPU.ActiveCfg = Debug|Any CPU
		{C7A77E52-1717-4984-BBC0-1CBCB4864594}.Debug|Any CPU.Build.0 = Debug|Any CPU
		{C7A77E52-1717-4984-BBC0-1CBCB4864594}.Release|Any CPU.ActiveCfg = Release|Any CPU
		{C7A77E52-1717-4984-BBC0-1CBCB4864594}.Release|Any CPU.Build.0 = Release|Any CPU
	EndGlobalSection
	GlobalSection(SolutionProperties) = preSolution
		HideSolutionNode = FALSE
	EndGlobalSection
	GlobalSection(ExtensibilityGlobals) = postSolution
		SolutionGuid = {01328AC8-6ED9-4CCB-97A4-927A2638048D}
	EndGlobalSection
EndGlobal
